
Microsoft Visual Studio Solution File, Format Version 12.00
# Visual Studio 15
VisualStudioVersion = 15.0.27520.0
MinimumVisualStudioVersion = 10.0.40219.1
Project("{FAE04EC0-301F-11D3-BF4B-00C04F79EFBC}") = "WinFormsApp", "WinFormsApp\WinFormsApp.csproj", "{92EBDA9A-2E92-4FB4-903B-7509C8CA5452}"
EndProject
Global
	GlobalSection(SolutionConfigurationPlatforms) = preSolution
		Debug|Any CPU = Debug|Any CPU
		Release|Any CPU = Release|Any CPU
	EndGlobalSection
	GlobalSection(ProjectConfigurationPlatforms) = postSolution
		{92EBDA9A-2E92-4FB4-903B-7509C8CA5452}.Debug|Any CPU.ActiveCfg = Debug|Any CPU
		{92EBDA9A-2E92-4FB4-903B-7509C8CA5452}.Debug|Any CPU.Build.0 = Debug|Any CPU
		{92EBDA9A-2E92-4FB4-903B-7509C8CA5452}.Release|Any CPU.ActiveCfg = Release|Any CPU
		{92EBDA9A-2E92-4FB4-903B-7509C8CA5452}.Release|Any CPU.Build.0 = Release|Any CPU
	EndGlobalSection
	GlobalSection(SolutionProperties) = preSolution
		HideSolutionNode = FALSE
	EndGlobalSection
	GlobalSection(ExtensibilityGlobals) = postSolution
		SolutionGuid = {DE479E5E-2E5D-4D47-90D2-B7DE3B2BB689}
	EndGlobalSection
EndGlobal
