
Microsoft Visual Studio Solution File, Format Version 12.00
# Visual Studio 15
VisualStudioVersion = 15.0.27520.0
MinimumVisualStudioVersion = 10.0.40219.1
Project("{FAE04EC0-301F-11D3-BF4B-00C04F79EFBC}") = "ParallelLINQ", "ParallelLINQ\ParallelLINQ.csproj", "{12412EE0-9D5D-4680-9EAF-D06D7AC29BEC}"
EndProject
Global
	GlobalSection(SolutionConfigurationPlatforms) = preSolution
		Debug|Any CPU = Debug|Any CPU
		Release|Any CPU = Release|Any CPU
	EndGlobalSection
	GlobalSection(ProjectConfigurationPlatforms) = postSolution
		{12412EE0-9D5D-4680-9EAF-D06D7AC29BEC}.Debug|Any CPU.ActiveCfg = Debug|Any CPU
		{12412EE0-9D5D-4680-9EAF-D06D7AC29BEC}.Debug|Any CPU.Build.0 = Debug|Any CPU
		{12412EE0-9D5D-4680-9EAF-D06D7AC29BEC}.Release|Any CPU.ActiveCfg = Release|Any CPU
		{12412EE0-9D5D-4680-9EAF-D06D7AC29BEC}.Release|Any CPU.Build.0 = Release|Any CPU
	EndGlobalSection
	GlobalSection(SolutionProperties) = preSolution
		HideSolutionNode = FALSE
	EndGlobalSection
	GlobalSection(ExtensibilityGlobals) = postSolution
		SolutionGuid = {9F1C553A-DC88-4430-B343-B41B72AC90E0}
	EndGlobalSection
EndGlobal
