
Microsoft Visual Studio Solution File, Format Version 12.00
# Visual Studio 15
VisualStudioVersion = 15.0.27520.0
MinimumVisualStudioVersion = 10.0.40219.1
Project("{FAE04EC0-301F-11D3-BF4B-00C04F79EFBC}") = "Futures", "Futures\Futures.csproj", "{9624C075-2725-48F6-97AE-55027D91BBBC}"
EndProject
Global
	GlobalSection(SolutionConfigurationPlatforms) = preSolution
		Debug|Any CPU = Debug|Any CPU
		Release|Any CPU = Release|Any CPU
	EndGlobalSection
	GlobalSection(ProjectConfigurationPlatforms) = postSolution
		{9624C075-2725-48F6-97AE-55027D91BBBC}.Debug|Any CPU.ActiveCfg = Debug|Any CPU
		{9624C075-2725-48F6-97AE-55027D91BBBC}.Debug|Any CPU.Build.0 = Debug|Any CPU
		{9624C075-2725-48F6-97AE-55027D91BBBC}.Release|Any CPU.ActiveCfg = Release|Any CPU
		{9624C075-2725-48F6-97AE-55027D91BBBC}.Release|Any CPU.Build.0 = Release|Any CPU
	EndGlobalSection
	GlobalSection(SolutionProperties) = preSolution
		HideSolutionNode = FALSE
	EndGlobalSection
	GlobalSection(ExtensibilityGlobals) = postSolution
		SolutionGuid = {C69E12D3-BDF4-4318-83DB-285A7722A7EC}
	EndGlobalSection
EndGlobal
